// !$*UTF8*$!
{
	archiveVersion = 1;
	classes = {
	};
	objectVersion = 77;
	objects = {

/* Begin PBXBuildFile section */
		00E10CECE9F14CE59455E80B /* MicrophonePermission.swift in Sources */ = {isa = PBXBuildFile; fileRef = 8C6DEF26454994858B94ACD1 /* MicrophonePermission.swift */; };
		0178C9A1BF2948E5A8CA1140 /* MenuBarControllerTests.swift in Sources */ = {isa = PBXBuildFile; fileRef = F0FE3429E10DDAAF87A5F900 /* MenuBarControllerTests.swift */; };
		093427D3874BAEDDE51BF75A /* HistoryStoreTests.swift in Sources */ = {isa = PBXBuildFile; fileRef = 97AD3880E403AE543AF1E2BC /* HistoryStoreTests.swift */; };
		1CA177EE5BCD931C54964B10 /* TranscriptionSession.swift in Sources */ = {isa = PBXBuildFile; fileRef = 49CCE8B84285B1CD60C1897B /* TranscriptionSession.swift */; };
		1E718A239A11C00686B04C71 /* PreferencesStoreTests.swift in Sources */ = {isa = PBXBuildFile; fileRef = ACB8D9604F10583D8A561118 /* PreferencesStoreTests.swift */; };
		2377CEA3068761094C4BD74A /* DrawlApp.swift in Sources */ = {isa = PBXBuildFile; fileRef = 017482D33D2C63995B6EA671 /* DrawlApp.swift */; };
		294F8DF511E073C333838570 /* TranscriptionSessionTests.swift in Sources */ = {isa = PBXBuildFile; fileRef = FFF5B05419CA9C6FCBD220F0 /* TranscriptionSessionTests.swift */; };
		310CA58683D8CBE3216CC479 /* IndicatorWindow.swift in Sources */ = {isa = PBXBuildFile; fileRef = C1A39E4191D599303D9321F6 /* IndicatorWindow.swift */; };
		32D1B44DC9585918487EA670 /* AppDelegate.swift in Sources */ = {isa = PBXBuildFile; fileRef = 95C9540ED5F1EA16E0A189B0 /* AppDelegate.swift */; };
		3D3D8C4971C64855C86B82EA /* whisper in Frameworks */ = {isa = PBXBuildFile; productRef = A1500002DCB98122B730604C /* whisper */; };
		3E269E0471C75E4ADB10A613 /* HistoryStore.swift in Sources */ = {isa = PBXBuildFile; fileRef = DE95BD9ED7BEB993738B524B /* HistoryStore.swift */; };
		57BE90ED071C043B8DA0CA70 /* Models.swift in Sources */ = {isa = PBXBuildFile; fileRef = 939D9F682008C2FD8A14712E /* Models.swift */; };
		5B11C2FA83578CA61FC480DD /* HotkeyManager.swift in Sources */ = {isa = PBXBuildFile; fileRef = 8D6A4F8F22A77AAE0DF0E054 /* HotkeyManager.swift */; };
		6855157767F6AA58CFFB23D1 /* TextInsertionTests.swift in Sources */ = {isa = PBXBuildFile; fileRef = 1FF1C3336F791AB454E530D6 /* TextInsertionTests.swift */; };
		68F998BA1752ECC7F40D8353 /* ModelManagerTests.swift in Sources */ = {isa = PBXBuildFile; fileRef = 13360F6A4CFF9A8C1FAA071F /* ModelManagerTests.swift */; };
		808D563B25790F1DD0A3CD42 /* PreferencesView.swift in Sources */ = {isa = PBXBuildFile; fileRef = 84A81631C7FA96FCE35B8219 /* PreferencesView.swift */; };
		84C1A649B8BF4C8E026717E5 /* AudioBufferProcessor.swift in Sources */ = {isa = PBXBuildFile; fileRef = 39488B94680832350C1B28D5 /* AudioBufferProcessor.swift */; };
		8586ECFD38D3EAE28BAFE166 /* AccessibilityPermission.swift in Sources */ = {isa = PBXBuildFile; fileRef = 6E5B086E4653BE75AE8960D8 /* AccessibilityPermission.swift */; };
		98A6C02901C641C921E51E1C /* SetupWizardTests.swift in Sources */ = {isa = PBXBuildFile; fileRef = 56A2443FEA6031466F7AA681 /* SetupWizardTests.swift */; };
		990FA056410B60047906A5C2 /* MenuBarController.swift in Sources */ = {isa = PBXBuildFile; fileRef = E67AE780BE63933D8304A2CF /* MenuBarController.swift */; };
		9BF31CACD37D4166951B6DC0 /* Protocols.swift in Sources */ = {isa = PBXBuildFile; fileRef = 616279CAE00366E7F6C784E6 /* Protocols.swift */; };
		9CEA647205EADB219B300FEF /* GRDB in Frameworks */ = {isa = PBXBuildFile; productRef = 6B6AF3D4A27466AD8892C891 /* GRDB */; };
		A7B15558389FACB01CBC568D /* WhisperEngine.swift in Sources */ = {isa = PBXBuildFile; fileRef = 64653F2D5F3678F17B068459 /* WhisperEngine.swift */; };
		BE17302DE64A508A4EC81CA6 /* HistoryView.swift in Sources */ = {isa = PBXBuildFile; fileRef = E917E17A449CC62AA6494B36 /* HistoryView.swift */; };
		BFA751FF004BD89A07DDC9A8 /* AudioCaptureTests.swift in Sources */ = {isa = PBXBuildFile; fileRef = CE5369B5572F097F494EF6F6 /* AudioCaptureTests.swift */; };
		C67DCB949E6C06515DE66E32 /* ModelManager.swift in Sources */ = {isa = PBXBuildFile; fileRef = BA99408CA24970A441582A8B /* ModelManager.swift */; };
		CD359C6D5C6C85A6ED9D9FBE /* WhisperEngineTests.swift in Sources */ = {isa = PBXBuildFile; fileRef = 3C9B29B8F2C184E03945D019 /* WhisperEngineTests.swift */; };
		CE1D403CD102F1B7FEF89A50 /* IndicatorWindowTests.swift in Sources */ = {isa = PBXBuildFile; fileRef = 34A400DD2E8E3550EE2553B9 /* IndicatorWindowTests.swift */; };
		D82788F833726C82DD5A4504 /* HotkeyManagerTests.swift in Sources */ = {isa = PBXBuildFile; fileRef = DEE716A1A0C70208084B92F0 /* HotkeyManagerTests.swift */; };
		E98525F2030FAF25D8352ACD /* SetupWizardView.swift in Sources */ = {isa = PBXBuildFile; fileRef = 44E57A5B5BB45BEE86D413FA /* SetupWizardView.swift */; };
		F4589709BD643FE4ED0BB747 /* TextInsertionService.swift in Sources */ = {isa = PBXBuildFile; fileRef = E294717DA76706F036AFC4E0 /* TextInsertionService.swift */; };
		FDA9DC6C6885D77855642494 /* AudioCaptureManager.swift in Sources */ = {isa = PBXBuildFile; fileRef = A5D9B3B80AAAC115F0E6833F /* AudioCaptureManager.swift */; };
		FFAEE281B82AB43F815056B3 /* PreferencesStore.swift in Sources */ = {isa = PBXBuildFile; fileRef = E89F365B512E97A35BDA8716 /* PreferencesStore.swift */; };
/* End PBXBuildFile section */

/* Begin PBXContainerItemProxy section */
		6B18EC4D9B3C531884BF24BF /* PBXContainerItemProxy */ = {
			isa = PBXContainerItemProxy;
			containerPortal = 92BF9E5F07CDBCAA8A9E645F /* Project object */;
			proxyType = 1;
			remoteGlobalIDString = 37B650815057FB3F2E96F827;
			remoteInfo = Drawl;
		};
/* End PBXContainerItemProxy section */

/* Begin PBXFileReference section */
		017482D33D2C63995B6EA671 /* DrawlApp.swift */ = {isa = PBXFileReference; lastKnownFileType = sourcecode.swift; path = DrawlApp.swift; sourceTree = "<group>"; };
		13360F6A4CFF9A8C1FAA071F /* ModelManagerTests.swift */ = {isa = PBXFileReference; lastKnownFileType = sourcecode.swift; path = ModelManagerTests.swift; sourceTree = "<group>"; };
		1FF1C3336F791AB454E530D6 /* TextInsertionTests.swift */ = {isa = PBXFileReference; lastKnownFileType = sourcecode.swift; path = TextInsertionTests.swift; sourceTree = "<group>"; };
		282AC082DE0AEEAA9ACCDE44 /* Info.plist */ = {isa = PBXFileReference; lastKnownFileType = text.plist; path = Info.plist; sourceTree = "<group>"; };
		34A400DD2E8E3550EE2553B9 /* IndicatorWindowTests.swift */ = {isa = PBXFileReference; lastKnownFileType = sourcecode.swift; path = IndicatorWindowTests.swift; sourceTree = "<group>"; };
		39488B94680832350C1B28D5 /* AudioBufferProcessor.swift */ = {isa = PBXFileReference; lastKnownFileType = sourcecode.swift; path = AudioBufferProcessor.swift; sourceTree = "<group>"; };
		3C9B29B8F2C184E03945D019 /* WhisperEngineTests.swift */ = {isa = PBXFileReference; lastKnownFileType = sourcecode.swift; path = WhisperEngineTests.swift; sourceTree = "<group>"; };
		44E57A5B5BB45BEE86D413FA /* SetupWizardView.swift */ = {isa = PBXFileReference; lastKnownFileType = sourcecode.swift; path = SetupWizardView.swift; sourceTree = "<group>"; };
		49CCE8B84285B1CD60C1897B /* TranscriptionSession.swift */ = {isa = PBXFileReference; lastKnownFileType = sourcecode.swift; path = TranscriptionSession.swift; sourceTree = "<group>"; };
		56A2443FEA6031466F7AA681 /* SetupWizardTests.swift */ = {isa = PBXFileReference; lastKnownFileType = sourcecode.swift; path = SetupWizardTests.swift; sourceTree = "<group>"; };
		616279CAE00366E7F6C784E6 /* Protocols.swift */ = {isa = PBXFileReference; lastKnownFileType = sourcecode.swift; path = Protocols.swift; sourceTree = "<group>"; };
		64653F2D5F3678F17B068459 /* WhisperEngine.swift */ = {isa = PBXFileReference; lastKnownFileType = sourcecode.swift; path = WhisperEngine.swift; sourceTree = "<group>"; };
		6E5B086E4653BE75AE8960D8 /* AccessibilityPermission.swift */ = {isa = PBXFileReference; lastKnownFileType = sourcecode.swift; path = AccessibilityPermission.swift; sourceTree = "<group>"; };
		7C68175C6542BF61AFEC7D07 /* Drawl.entitlements */ = {isa = PBXFileReference; lastKnownFileType = text.plist.entitlements; path = Drawl.entitlements; sourceTree = "<group>"; };
		84A81631C7FA96FCE35B8219 /* PreferencesView.swift */ = {isa = PBXFileReference; lastKnownFileType = sourcecode.swift; path = PreferencesView.swift; sourceTree = "<group>"; };
		8C6DEF26454994858B94ACD1 /* MicrophonePermission.swift */ = {isa = PBXFileReference; lastKnownFileType = sourcecode.swift; path = MicrophonePermission.swift; sourceTree = "<group>"; };
		8D6A4F8F22A77AAE0DF0E054 /* HotkeyManager.swift */ = {isa = PBXFileReference; lastKnownFileType = sourcecode.swift; path = HotkeyManager.swift; sourceTree = "<group>"; };
		939D9F682008C2FD8A14712E /* Models.swift */ = {isa = PBXFileReference; lastKnownFileType = sourcecode.swift; path = Models.swift; sourceTree = "<group>"; };
		95C9540ED5F1EA16E0A189B0 /* AppDelegate.swift */ = {isa = PBXFileReference; lastKnownFileType = sourcecode.swift; path = AppDelegate.swift; sourceTree = "<group>"; };
		97AD3880E403AE543AF1E2BC /* HistoryStoreTests.swift */ = {isa = PBXFileReference; lastKnownFileType = sourcecode.swift; path = HistoryStoreTests.swift; sourceTree = "<group>"; };
		A5D9B3B80AAAC115F0E6833F /* AudioCaptureManager.swift */ = {isa = PBXFileReference; lastKnownFileType = sourcecode.swift; path = AudioCaptureManager.swift; sourceTree = "<group>"; };
		A769DD4A711E4EDDADA835F9 /* DrawlTests.xctest */ = {isa = PBXFileReference; explicitFileType = wrapper.cfbundle; includeInIndex = 0; path = DrawlTests.xctest; sourceTree = BUILT_PRODUCTS_DIR; };
		ACB8D9604F10583D8A561118 /* PreferencesStoreTests.swift */ = {isa = PBXFileReference; lastKnownFileType = sourcecode.swift; path = PreferencesStoreTests.swift; sourceTree = "<group>"; };
		ADB1570269106E7994CA99F8 /* Drawl.app */ = {isa = PBXFileReference; explicitFileType = wrapper.application; includeInIndex = 0; path = Drawl.app; sourceTree = BUILT_PRODUCTS_DIR; };
		BA99408CA24970A441582A8B /* ModelManager.swift */ = {isa = PBXFileReference; lastKnownFileType = sourcecode.swift; path = ModelManager.swift; sourceTree = "<group>"; };
		C1A39E4191D599303D9321F6 /* IndicatorWindow.swift */ = {isa = PBXFileReference; lastKnownFileType = sourcecode.swift; path = IndicatorWindow.swift; sourceTree = "<group>"; };
		CE5369B5572F097F494EF6F6 /* AudioCaptureTests.swift */ = {isa = PBXFileReference; lastKnownFileType = sourcecode.swift; path = AudioCaptureTests.swift; sourceTree = "<group>"; };
		DE95BD9ED7BEB993738B524B /* HistoryStore.swift */ = {isa = PBXFileReference; lastKnownFileType = sourcecode.swift; path = HistoryStore.swift; sourceTree = "<group>"; };
		DEE716A1A0C70208084B92F0 /* HotkeyManagerTests.swift */ = {isa = PBXFileReference; lastKnownFileType = sourcecode.swift; path = HotkeyManagerTests.swift; sourceTree = "<group>"; };
		E294717DA76706F036AFC4E0 /* TextInsertionService.swift */ = {isa = PBXFileReference; lastKnownFileType = sourcecode.swift; path = TextInsertionService.swift; sourceTree = "<group>"; };
		E67AE780BE63933D8304A2CF /* MenuBarController.swift */ = {isa = PBXFileReference; lastKnownFileType = sourcecode.swift; path = MenuBarController.swift; sourceTree = "<group>"; };
		E89F365B512E97A35BDA8716 /* PreferencesStore.swift */ = {isa = PBXFileReference; lastKnownFileType = sourcecode.swift; path = PreferencesStore.swift; sourceTree = "<group>"; };
		E917E17A449CC62AA6494B36 /* HistoryView.swift */ = {isa = PBXFileReference; lastKnownFileType = sourcecode.swift; path = HistoryView.swift; sourceTree = "<group>"; };
		F0FE3429E10DDAAF87A5F900 /* MenuBarControllerTests.swift */ = {isa = PBXFileReference; lastKnownFileType = sourcecode.swift; path = MenuBarControllerTests.swift; sourceTree = "<group>"; };
		FFF5B05419CA9C6FCBD220F0 /* TranscriptionSessionTests.swift */ = {isa = PBXFileReference; lastKnownFileType = sourcecode.swift; path = TranscriptionSessionTests.swift; sourceTree = "<group>"; };
/* End PBXFileReference section */

/* Begin PBXFrameworksBuildPhase section */
		E22AC7E257121DC8D001DF0E /* Frameworks */ = {
			isa = PBXFrameworksBuildPhase;
			buildActionMask = 2147483647;
			files = (
				3D3D8C4971C64855C86B82EA /* whisper in Frameworks */,
				9CEA647205EADB219B300FEF /* GRDB in Frameworks */,
			);
			runOnlyForDeploymentPostprocessing = 0;
		};
/* End PBXFrameworksBuildPhase section */

/* Begin PBXGroup section */
		07F986C3C3F1DD3443EC1398 /* UI */ = {
			isa = PBXGroup;
			children = (
				E917E17A449CC62AA6494B36 /* HistoryView.swift */,
				C1A39E4191D599303D9321F6 /* IndicatorWindow.swift */,
				E67AE780BE63933D8304A2CF /* MenuBarController.swift */,
				84A81631C7FA96FCE35B8219 /* PreferencesView.swift */,
				44E57A5B5BB45BEE86D413FA /* SetupWizardView.swift */,
			);
			path = UI;
			sourceTree = "<group>";
		};
		1762DC6312A0D2DDFA5CA0F7 /* Products */ = {
			isa = PBXGroup;
			children = (
				ADB1570269106E7994CA99F8 /* Drawl.app */,
				A769DD4A711E4EDDADA835F9 /* DrawlTests.xctest */,
			);
			name = Products;
			sourceTree = "<group>";
		};
		3291D9AD45C5349E47D17F8C = {
			isa = PBXGroup;
			children = (
				51B622755CD58198611E056E /* Drawl */,
				69C3E7E5EF7A359E976A125B /* DrawlTests */,
				1762DC6312A0D2DDFA5CA0F7 /* Products */,
			);
			sourceTree = "<group>";
		};
		420D9A2C81873C0B5DE721C1 /* App */ = {
			isa = PBXGroup;
			children = (
				95C9540ED5F1EA16E0A189B0 /* AppDelegate.swift */,
				7C68175C6542BF61AFEC7D07 /* Drawl.entitlements */,
				017482D33D2C63995B6EA671 /* DrawlApp.swift */,
				282AC082DE0AEEAA9ACCDE44 /* Info.plist */,
				939D9F682008C2FD8A14712E /* Models.swift */,
				616279CAE00366E7F6C784E6 /* Protocols.swift */,
			);
			path = App;
			sourceTree = "<group>";
		};
		51B622755CD58198611E056E /* Drawl */ = {
			isa = PBXGroup;
			children = (
				420D9A2C81873C0B5DE721C1 /* App */,
				D3526B4707CDBF05004FC1AB /* Audio */,
				A17DC399FE869B9C41CE8269 /* Input */,
				AC5E6ED43C9639AD3B35F3CA /* Permissions */,
				854C7E32AA3DF7EC686933AF /* Storage */,
				EF9B0018278DADA0CF9B5575 /* Transcription */,
				07F986C3C3F1DD3443EC1398 /* UI */,
			);
			path = Drawl;
			sourceTree = "<group>";
		};
		69C3E7E5EF7A359E976A125B /* DrawlTests */ = {
			isa = PBXGroup;
			children = (
				CE5369B5572F097F494EF6F6 /* AudioCaptureTests.swift */,
				97AD3880E403AE543AF1E2BC /* HistoryStoreTests.swift */,
				DEE716A1A0C70208084B92F0 /* HotkeyManagerTests.swift */,
				34A400DD2E8E3550EE2553B9 /* IndicatorWindowTests.swift */,
				F0FE3429E10DDAAF87A5F900 /* MenuBarControllerTests.swift */,
				13360F6A4CFF9A8C1FAA071F /* ModelManagerTests.swift */,
				ACB8D9604F10583D8A561118 /* PreferencesStoreTests.swift */,
				56A2443FEA6031466F7AA681 /* SetupWizardTests.swift */,
				1FF1C3336F791AB454E530D6 /* TextInsertionTests.swift */,
				FFF5B05419CA9C6FCBD220F0 /* TranscriptionSessionTests.swift */,
				3C9B29B8F2C184E03945D019 /* WhisperEngineTests.swift */,
			);
			path = DrawlTests;
			sourceTree = "<group>";
		};
		854C7E32AA3DF7EC686933AF /* Storage */ = {
			isa = PBXGroup;
			children = (
				DE95BD9ED7BEB993738B524B /* HistoryStore.swift */,
				E89F365B512E97A35BDA8716 /* PreferencesStore.swift */,
			);
			path = Storage;
			sourceTree = "<group>";
		};
		A17DC399FE869B9C41CE8269 /* Input */ = {
			isa = PBXGroup;
			children = (
				8D6A4F8F22A77AAE0DF0E054 /* HotkeyManager.swift */,
				E294717DA76706F036AFC4E0 /* TextInsertionService.swift */,
			);
			path = Input;
			sourceTree = "<group>";
		};
		AC5E6ED43C9639AD3B35F3CA /* Permissions */ = {
			isa = PBXGroup;
			children = (
				6E5B086E4653BE75AE8960D8 /* AccessibilityPermission.swift */,
				8C6DEF26454994858B94ACD1 /* MicrophonePermission.swift */,
			);
			path = Permissions;
			sourceTree = "<group>";
		};
		D3526B4707CDBF05004FC1AB /* Audio */ = {
			isa = PBXGroup;
			children = (
				39488B94680832350C1B28D5 /* AudioBufferProcessor.swift */,
				A5D9B3B80AAAC115F0E6833F /* AudioCaptureManager.swift */,
			);
			path = Audio;
			sourceTree = "<group>";
		};
		EF9B0018278DADA0CF9B5575 /* Transcription */ = {
			isa = PBXGroup;
			children = (
				BA99408CA24970A441582A8B /* ModelManager.swift */,
				49CCE8B84285B1CD60C1897B /* TranscriptionSession.swift */,
				64653F2D5F3678F17B068459 /* WhisperEngine.swift */,
			);
			path = Transcription;
			sourceTree = "<group>";
		};
		"TEMP_5FFFFBA2-7461-45F8-8A20-329F60901300" /* Resources */ = {
			isa = PBXGroup;
			children = (
			);
			path = Resources;
			sourceTree = "<group>";
		};
/* End PBXGroup section */

/* Begin PBXNativeTarget section */
		113537395B114BA2BD2A81D7 /* DrawlTests */ = {
			isa = PBXNativeTarget;
			buildConfigurationList = D893E0D8F94F779967582094 /* Build configuration list for PBXNativeTarget "DrawlTests" */;
			buildPhases = (
				4D9610C7712745E370940819 /* Sources */,
			);
			buildRules = (
			);
			dependencies = (
				79ECB278892D08C341E621A3 /* PBXTargetDependency */,
			);
			name = DrawlTests;
			packageProductDependencies = (
			);
			productName = DrawlTests;
			productReference = A769DD4A711E4EDDADA835F9 /* DrawlTests.xctest */;
			productType = "com.apple.product-type.bundle.unit-test";
		};
		37B650815057FB3F2E96F827 /* Drawl */ = {
			isa = PBXNativeTarget;
			buildConfigurationList = 8F7BF91EF584BF945933DFC8 /* Build configuration list for PBXNativeTarget "Drawl" */;
			buildPhases = (
				30A6C95056BCF37D3E7CACDA /* Sources */,
				E22AC7E257121DC8D001DF0E /* Frameworks */,
			);
			buildRules = (
			);
			dependencies = (
			);
			name = Drawl;
			packageProductDependencies = (
				A1500002DCB98122B730604C /* whisper */,
				6B6AF3D4A27466AD8892C891 /* GRDB */,
			);
			productName = Drawl;
			productReference = ADB1570269106E7994CA99F8 /* Drawl.app */;
			productType = "com.apple.product-type.application";
		};
/* End PBXNativeTarget section */

/* Begin PBXProject section */
		92BF9E5F07CDBCAA8A9E645F /* Project object */ = {
			isa = PBXProject;
			attributes = {
				BuildIndependentTargetsInParallel = YES;
				LastUpgradeCheck = 1430;
				TargetAttributes = {
				};
			};
			buildConfigurationList = 91243C36D0BE7B0F8FD89007 /* Build configuration list for PBXProject "Drawl" */;
			developmentRegion = en;
			hasScannedForEncodings = 0;
			knownRegions = (
				Base,
				en,
			);
			mainGroup = 3291D9AD45C5349E47D17F8C;
			minimizedProjectReferenceProxies = 1;
			packageReferences = (
				6B413C64E992A8281165262F /* XCRemoteSwiftPackageReference "GRDB.swift" */,
				60C8552D5D42FADB9B2A43C9 /* XCRemoteSwiftPackageReference "whisper.spm" */,
			);
			preferredProjectObjectVersion = 77;
			productRefGroup = 1762DC6312A0D2DDFA5CA0F7 /* Products */;
			projectDirPath = "";
			projectRoot = "";
			targets = (
				37B650815057FB3F2E96F827 /* Drawl */,
				113537395B114BA2BD2A81D7 /* DrawlTests */,
			);
		};
/* End PBXProject section */

/* Begin PBXSourcesBuildPhase section */
		30A6C95056BCF37D3E7CACDA /* Sources */ = {
			isa = PBXSourcesBuildPhase;
			buildActionMask = 2147483647;
			files = (
				8586ECFD38D3EAE28BAFE166 /* AccessibilityPermission.swift in Sources */,
				32D1B44DC9585918487EA670 /* AppDelegate.swift in Sources */,
				84C1A649B8BF4C8E026717E5 /* AudioBufferProcessor.swift in Sources */,
				FDA9DC6C6885D77855642494 /* AudioCaptureManager.swift in Sources */,
				2377CEA3068761094C4BD74A /* DrawlApp.swift in Sources */,
				3E269E0471C75E4ADB10A613 /* HistoryStore.swift in Sources */,
				BE17302DE64A508A4EC81CA6 /* HistoryView.swift in Sources */,
				5B11C2FA83578CA61FC480DD /* HotkeyManager.swift in Sources */,
				310CA58683D8CBE3216CC479 /* IndicatorWindow.swift in Sources */,
				990FA056410B60047906A5C2 /* MenuBarController.swift in Sources */,
				00E10CECE9F14CE59455E80B /* MicrophonePermission.swift in Sources */,
				C67DCB949E6C06515DE66E32 /* ModelManager.swift in Sources */,
				57BE90ED071C043B8DA0CA70 /* Models.swift in Sources */,
				FFAEE281B82AB43F815056B3 /* PreferencesStore.swift in Sources */,
				808D563B25790F1DD0A3CD42 /* PreferencesView.swift in Sources */,
				9BF31CACD37D4166951B6DC0 /* Protocols.swift in Sources */,
				E98525F2030FAF25D8352ACD /* SetupWizardView.swift in Sources */,
				F4589709BD643FE4ED0BB747 /* TextInsertionService.swift in Sources */,
				1CA177EE5BCD931C54964B10 /* TranscriptionSession.swift in Sources */,
				A7B15558389FACB01CBC568D /* WhisperEngine.swift in Sources */,
			);
			runOnlyForDeploymentPostprocessing = 0;
		};
		4D9610C7712745E370940819 /* Sources */ = {
			isa = PBXSourcesBuildPhase;
			buildActionMask = 2147483647;
			files = (
				BFA751FF004BD89A07DDC9A8 /* AudioCaptureTests.swift in Sources */,
				093427D3874BAEDDE51BF75A /* HistoryStoreTests.swift in Sources */,
				D82788F833726C82DD5A4504 /* HotkeyManagerTests.swift in Sources */,
				CE1D403CD102F1B7FEF89A50 /* IndicatorWindowTests.swift in Sources */,
				0178C9A1BF2948E5A8CA1140 /* MenuBarControllerTests.swift in Sources */,
				68F998BA1752ECC7F40D8353 /* ModelManagerTests.swift in Sources */,
				1E718A239A11C00686B04C71 /* PreferencesStoreTests.swift in Sources */,
				98A6C02901C641C921E51E1C /* SetupWizardTests.swift in Sources */,
				6855157767F6AA58CFFB23D1 /* TextInsertionTests.swift in Sources */,
				294F8DF511E073C333838570 /* TranscriptionSessionTests.swift in Sources */,
				CD359C6D5C6C85A6ED9D9FBE /* WhisperEngineTests.swift in Sources */,
			);
			runOnlyForDeploymentPostprocessing = 0;
		};
/* End PBXSourcesBuildPhase section */

/* Begin PBXTargetDependency section */
		79ECB278892D08C341E621A3 /* PBXTargetDependency */ = {
			isa = PBXTargetDependency;
			target = 37B650815057FB3F2E96F827 /* Drawl */;
			targetProxy = 6B18EC4D9B3C531884BF24BF /* PBXContainerItemProxy */;
		};
/* End PBXTargetDependency section */

/* Begin XCBuildConfiguration section */
		38E441EF3D2E022671CDE8E1 /* Release */ = {
			isa = XCBuildConfiguration;
			buildSettings = {
				ASSETCATALOG_COMPILER_APPICON_NAME = AppIcon;
				CODE_SIGN_ENTITLEMENTS = Drawl/App/Drawl.entitlements;
				COMBINE_HIDPI_IMAGES = YES;
				INFOPLIST_FILE = Drawl/App/Info.plist;
				LD_RUNPATH_SEARCH_PATHS = (
					"$(inherited)",
					"@executable_path/../Frameworks",
				);
				MACOSX_DEPLOYMENT_TARGET = 13.0;
				PRODUCT_BUNDLE_IDENTIFIER = com.ben.Drawl;
				SDKROOT = macosx;
			};
			name = Release;
		};
		5171DEAE1120220896EADD02 /* Debug */ = {
			isa = XCBuildConfiguration;
			buildSettings = {
				ALWAYS_SEARCH_USER_PATHS = NO;
				CLANG_ANALYZER_NONNULL = YES;
				CLANG_ANALYZER_NUMBER_OBJECT_CONVERSION = YES_AGGRESSIVE;
				CLANG_CXX_LANGUAGE_STANDARD = "gnu++14";
				CLANG_CXX_LIBRARY = "libc++";
				CLANG_ENABLE_MODULES = YES;
				CLANG_ENABLE_OBJC_ARC = YES;
				CLANG_ENABLE_OBJC_WEAK = YES;
				CLANG_WARN_BLOCK_CAPTURE_AUTORELEASING = YES;
				CLANG_WARN_BOOL_CONVERSION = YES;
				CLANG_WARN_COMMA = YES;
				CLANG_WARN_CONSTANT_CONVERSION = YES;
				CLANG_WARN_DEPRECATED_OBJC_IMPLEMENTATIONS = YES;
				CLANG_WARN_DIRECT_OBJC_ISA_USAGE = YES_ERROR;
				CLANG_WARN_DOCUMENTATION_COMMENTS = YES;
				CLANG_WARN_EMPTY_BODY = YES;
				CLANG_WARN_ENUM_CONVERSION = YES;
				CLANG_WARN_INFINITE_RECURSION = YES;
				CLANG_WARN_INT_CONVERSION = YES;
				CLANG_WARN_NON_LITERAL_NULL_CONVERSION = YES;
				CLANG_WARN_OBJC_IMPLICIT_RETAIN_SELF = YES;
				CLANG_WARN_OBJC_LITERAL_CONVERSION = YES;
				CLANG_WARN_OBJC_ROOT_CLASS = YES_ERROR;
				CLANG_WARN_QUOTED_INCLUDE_IN_FRAMEWORK_HEADER = YES;
				CLANG_WARN_RANGE_LOOP_ANALYSIS = YES;
				CLANG_WARN_STRICT_PROTOTYPES = YES;
				CLANG_WARN_SUSPICIOUS_MOVE = YES;
				CLANG_WARN_UNGUARDED_AVAILABILITY = YES_AGGRESSIVE;
				CLANG_WARN_UNREACHABLE_CODE = YES;
				CLANG_WARN__DUPLICATE_METHOD_MATCH = YES;
				COPY_PHASE_STRIP = NO;
				DEBUG_INFORMATION_FORMAT = dwarf;
				ENABLE_STRICT_OBJC_MSGSEND = YES;
				ENABLE_TESTABILITY = YES;
				GCC_C_LANGUAGE_STANDARD = gnu11;
				GCC_DYNAMIC_NO_PIC = NO;
				GCC_NO_COMMON_BLOCKS = YES;
				GCC_OPTIMIZATION_LEVEL = 0;
				GCC_PREPROCESSOR_DEFINITIONS = (
					"$(inherited)",
					"DEBUG=1",
				);
				GCC_WARN_64_TO_32_BIT_CONVERSION = YES;
				GCC_WARN_ABOUT_RETURN_TYPE = YES_ERROR;
				GCC_WARN_UNDECLARED_SELECTOR = YES;
				GCC_WARN_UNINITIALIZED_AUTOS = YES_AGGRESSIVE;
				GCC_WARN_UNUSED_FUNCTION = YES;
				GCC_WARN_UNUSED_VARIABLE = YES;
				MTL_ENABLE_DEBUG_INFO = INCLUDE_SOURCE;
				MTL_FAST_MATH = YES;
				ONLY_ACTIVE_ARCH = YES;
				PRODUCT_NAME = "$(TARGET_NAME)";
				SDKROOT = macosx;
				SWIFT_ACTIVE_COMPILATION_CONDITIONS = DEBUG;
				SWIFT_OPTIMIZATION_LEVEL = "-Onone";
				SWIFT_VERSION = 5.0;
			};
			name = Debug;
		};
		55C8629BEA1C44D3E28DA3D7 /* Release */ = {
			isa = XCBuildConfiguration;
			buildSettings = {
				ALWAYS_SEARCH_USER_PATHS = NO;
				CLANG_ANALYZER_NONNULL = YES;
				CLANG_ANALYZER_NUMBER_OBJECT_CONVERSION = YES_AGGRESSIVE;
				CLANG_CXX_LANGUAGE_STANDARD = "gnu++14";
				CLANG_CXX_LIBRARY = "libc++";
				CLANG_ENABLE_MODULES = YES;
				CLANG_ENABLE_OBJC_ARC = YES;
				CLANG_ENABLE_OBJC_WEAK = YES;
				CLANG_WARN_BLOCK_CAPTURE_AUTORELEASING = YES;
				CLANG_WARN_BOOL_CONVERSION = YES;
				CLANG_WARN_COMMA = YES;
				CLANG_WARN_CONSTANT_CONVERSION = YES;
				CLANG_WARN_DEPRECATED_OBJC_IMPLEMENTATIONS = YES;
				CLANG_WARN_DIRECT_OBJC_ISA_USAGE = YES_ERROR;
				CLANG_WARN_DOCUMENTATION_COMMENTS = YES;
				CLANG_WARN_EMPTY_BODY = YES;
				CLANG_WARN_ENUM_CONVERSION = YES;
				CLANG_WARN_INFINITE_RECURSION = YES;
				CLANG_WARN_INT_CONVERSION = YES;
				CLANG_WARN_NON_LITERAL_NULL_CONVERSION = YES;
				CLANG_WARN_OBJC_IMPLICIT_RETAIN_SELF = YES;
				CLANG_WARN_OBJC_LITERAL_CONVERSION = YES;
				CLANG_WARN_OBJC_ROOT_CLASS = YES_ERROR;
				CLANG_WARN_QUOTED_INCLUDE_IN_FRAMEWORK_HEADER = YES;
				CLANG_WARN_RANGE_LOOP_ANALYSIS = YES;
				CLANG_WARN_STRICT_PROTOTYPES = YES;
				CLANG_WARN_SUSPICIOUS_MOVE = YES;
				CLANG_WARN_UNGUARDED_AVAILABILITY = YES_AGGRESSIVE;
				CLANG_WARN_UNREACHABLE_CODE = YES;
				CLANG_WARN__DUPLICATE_METHOD_MATCH = YES;
				COPY_PHASE_STRIP = NO;
				DEBUG_INFORMATION_FORMAT = "dwarf-with-dsym";
				ENABLE_NS_ASSERTIONS = NO;
				ENABLE_STRICT_OBJC_MSGSEND = YES;
				GCC_C_LANGUAGE_STANDARD = gnu11;
				GCC_NO_COMMON_BLOCKS = YES;
				GCC_WARN_64_TO_32_BIT_CONVERSION = YES;
				GCC_WARN_ABOUT_RETURN_TYPE = YES_ERROR;
				GCC_WARN_UNDECLARED_SELECTOR = YES;
				GCC_WARN_UNINITIALIZED_AUTOS = YES_AGGRESSIVE;
				GCC_WARN_UNUSED_FUNCTION = YES;
				GCC_WARN_UNUSED_VARIABLE = YES;
				MTL_ENABLE_DEBUG_INFO = NO;
				MTL_FAST_MATH = YES;
				PRODUCT_NAME = "$(TARGET_NAME)";
				SDKROOT = macosx;
				SWIFT_COMPILATION_MODE = wholemodule;
				SWIFT_OPTIMIZATION_LEVEL = "-O";
				SWIFT_VERSION = 5.0;
			};
			name = Release;
		};
		5EAEAC646030866A27CECF59 /* Debug */ = {
			isa = XCBuildConfiguration;
			buildSettings = {
				ASSETCATALOG_COMPILER_APPICON_NAME = AppIcon;
				CODE_SIGN_ENTITLEMENTS = Drawl/App/Drawl.entitlements;
				COMBINE_HIDPI_IMAGES = YES;
				INFOPLIST_FILE = Drawl/App/Info.plist;
				LD_RUNPATH_SEARCH_PATHS = (
					"$(inherited)",
					"@executable_path/../Frameworks",
				);
				MACOSX_DEPLOYMENT_TARGET = 13.0;
				PRODUCT_BUNDLE_IDENTIFIER = com.ben.Drawl;
				SDKROOT = macosx;
			};
			name = Debug;
		};
		BC7670183176E550E4E231AD /* Debug */ = {
			isa = XCBuildConfiguration;
			buildSettings = {
				BUNDLE_LOADER = "$(TEST_HOST)";
				COMBINE_HIDPI_IMAGES = YES;
				GENERATE_INFOPLIST_FILE = YES;
				LD_RUNPATH_SEARCH_PATHS = (
					"$(inherited)",
					"@executable_path/../Frameworks",
					"@loader_path/../Frameworks",
				);
				MACOSX_DEPLOYMENT_TARGET = 13.0;
				PRODUCT_BUNDLE_IDENTIFIER = com.ben.DrawlTests;
				SDKROOT = macosx;
				TEST_HOST = "$(BUILT_PRODUCTS_DIR)/Drawl.app/Contents/MacOS/Drawl";
			};
			name = Debug;
		};
		D4A73DD98BFE67CE4FE931B7 /* Release */ = {
			isa = XCBuildConfiguration;
			buildSettings = {
				BUNDLE_LOADER = "$(TEST_HOST)";
				COMBINE_HIDPI_IMAGES = YES;
				GENERATE_INFOPLIST_FILE = YES;
				LD_RUNPATH_SEARCH_PATHS = (
					"$(inherited)",
					"@executable_path/../Frameworks",
					"@loader_path/../Frameworks",
				);
				MACOSX_DEPLOYMENT_TARGET = 13.0;
				PRODUCT_BUNDLE_IDENTIFIER = com.ben.DrawlTests;
				SDKROOT = macosx;
				TEST_HOST = "$(BUILT_PRODUCTS_DIR)/Drawl.app/Contents/MacOS/Drawl";
			};
			name = Release;
		};
/* End XCBuildConfiguration section */

/* Begin XCConfigurationList section */
		8F7BF91EF584BF945933DFC8 /* Build configuration list for PBXNativeTarget "Drawl" */ = {
			isa = XCConfigurationList;
			buildConfigurations = (
				5EAEAC646030866A27CECF59 /* Debug */,
				38E441EF3D2E022671CDE8E1 /* Release */,
			);
			defaultConfigurationIsVisible = 0;
			defaultConfigurationName = Debug;
		};
		91243C36D0BE7B0F8FD89007 /* Build configuration list for PBXProject "Drawl" */ = {
			isa = XCConfigurationList;
			buildConfigurations = (
				5171DEAE1120220896EADD02 /* Debug */,
				55C8629BEA1C44D3E28DA3D7 /* Release */,
			);
			defaultConfigurationIsVisible = 0;
			defaultConfigurationName = Debug;
		};
		D893E0D8F94F779967582094 /* Build configuration list for PBXNativeTarget "DrawlTests" */ = {
			isa = XCConfigurationList;
			buildConfigurations = (
				BC7670183176E550E4E231AD /* Debug */,
				D4A73DD98BFE67CE4FE931B7 /* Release */,
			);
			defaultConfigurationIsVisible = 0;
			defaultConfigurationName = Debug;
		};
/* End XCConfigurationList section */

/* Begin XCRemoteSwiftPackageReference section */
		60C8552D5D42FADB9B2A43C9 /* XCRemoteSwiftPackageReference "whisper.spm" */ = {
			isa = XCRemoteSwiftPackageReference;
			repositoryURL = "https://github.com/ggerganov/whisper.spm";
			requirement = {
				branch = master;
				kind = branch;
			};
		};
		6B413C64E992A8281165262F /* XCRemoteSwiftPackageReference "GRDB.swift" */ = {
			isa = XCRemoteSwiftPackageReference;
			repositoryURL = "https://github.com/groue/GRDB.swift";
			requirement = {
				kind = upToNextMajorVersion;
				minimumVersion = 6.27.0;
			};
		};
/* End XCRemoteSwiftPackageReference section */

/* Begin XCSwiftPackageProductDependency section */
		6B6AF3D4A27466AD8892C891 /* GRDB */ = {
			isa = XCSwiftPackageProductDependency;
			package = 6B413C64E992A8281165262F /* XCRemoteSwiftPackageReference "GRDB.swift" */;
			productName = GRDB;
		};
		A1500002DCB98122B730604C /* whisper */ = {
			isa = XCSwiftPackageProductDependency;
			package = 60C8552D5D42FADB9B2A43C9 /* XCRemoteSwiftPackageReference "whisper.spm" */;
			productName = whisper;
		};
/* End XCSwiftPackageProductDependency section */
	};
	rootObject = 92BF9E5F07CDBCAA8A9E645F /* Project object */;
}
